
Microsoft Visual Studio Solution File, Format Version 12.00
# Visual Studio 15
VisualStudioVersion = 15.0.27130.2036
MinimumVisualStudioVersion = 10.0.40219.1
Project("{FAE04EC0-301F-11D3-BF4B-00C04F79EFBC}") = "simple-survey", "simple-survey\simple-survey.csproj", "{8CF4AD39-60B4-451D-AB09-8EBF93E9FC6A}"
EndProject
Project("{FAE04EC0-301F-11D3-BF4B-00C04F79EFBC}") = "UnitTests", "UnitTests\UnitTests.csproj", "{E51B528F-E2BE-426E-9937-4D9F408D6D08}"
EndProject
Project("{FAE04EC0-301F-11D3-BF4B-00C04F79EFBC}") = "SimpleSurveyApi", "SimpleSurveyApi\SimpleSurveyApi.csproj", "{828E38F5-E552-4338-B3B9-E744B097D7B0}"
EndProject
Global
	GlobalSection(SolutionConfigurationPlatforms) = preSolution
		Debug|Any CPU = Debug|Any CPU
		Release|Any CPU = Release|Any CPU
	EndGlobalSection
	GlobalSection(ProjectConfigurationPlatforms) = postSolution
		{8CF4AD39-60B4-451D-AB09-8EBF93E9FC6A}.Debug|Any CPU.ActiveCfg = Debug|Any CPU
		{8CF4AD39-60B4-451D-AB09-8EBF93E9FC6A}.Debug|Any CPU.Build.0 = Debug|Any CPU
		{8CF4AD39-60B4-451D-AB09-8EBF93E9FC6A}.Release|Any CPU.ActiveCfg = Release|Any CPU
		{8CF4AD39-60B4-451D-AB09-8EBF93E9FC6A}.Release|Any CPU.Build.0 = Release|Any CPU
		{E51B528F-E2BE-426E-9937-4D9F408D6D08}.Debug|Any CPU.ActiveCfg = Debug|Any CPU
		{E51B528F-E2BE-426E-9937-4D9F408D6D08}.Debug|Any CPU.Build.0 = Debug|Any CPU
		{E51B528F-E2BE-426E-9937-4D9F408D6D08}.Release|Any CPU.ActiveCfg = Release|Any CPU
		{E51B528F-E2BE-426E-9937-4D9F408D6D08}.Release|Any CPU.Build.0 = Release|Any CPU
		{828E38F5-E552-4338-B3B9-E744B097D7B0}.Debug|Any CPU.ActiveCfg = Debug|Any CPU
		{828E38F5-E552-4338-B3B9-E744B097D7B0}.Debug|Any CPU.Build.0 = Debug|Any CPU
		{828E38F5-E552-4338-B3B9-E744B097D7B0}.Release|Any CPU.ActiveCfg = Release|Any CPU
		{828E38F5-E552-4338-B3B9-E744B097D7B0}.Release|Any CPU.Build.0 = Release|Any CPU
	EndGlobalSection
	GlobalSection(SolutionProperties) = preSolution
		HideSolutionNode = FALSE
	EndGlobalSection
	GlobalSection(ExtensibilityGlobals) = postSolution
		SolutionGuid = {056DBF34-2EE1-4966-87DA-AC68862AF558}
	EndGlobalSection
EndGlobal
